// !$*UTF8*$!
{
	archiveVersion = 1;
	classes = {
	};
	objectVersion = 56;
	objects = {

/* Begin PBXBuildFile section */
		44ED3A3E2C8F43C100E3E9CF /* MiniCoinSwiftUIApp.swift in Sources */ = {isa = PBXBuildFile; fileRef = 44ED3A3D2C8F43C100E3E9CF /* MiniCoinSwiftUIApp.swift */; };
		44ED3A422C8F43C300E3E9CF /* Assets.xcassets in Resources */ = {isa = PBXBuildFile; fileRef = 44ED3A412C8F43C300E3E9CF /* Assets.xcassets */; };
		44ED3A452C8F43C300E3E9CF /* Preview Assets.xcassets in Resources */ = {isa = PBXBuildFile; fileRef = 44ED3A442C8F43C300E3E9CF /* Preview Assets.xcassets */; };
		44ED3A512C8F465E00E3E9CF /* TrendingView.swift in Sources */ = {isa = PBXBuildFile; fileRef = 44ED3A502C8F465E00E3E9CF /* TrendingView.swift */; };
		44ED3A562C8F485800E3E9CF /* Coin.swift in Sources */ = {isa = PBXBuildFile; fileRef = 44ED3A552C8F485800E3E9CF /* Coin.swift */; };
		44ED3A582C8F4A7700E3E9CF /* Router.swift in Sources */ = {isa = PBXBuildFile; fileRef = 44ED3A572C8F4A7700E3E9CF /* Router.swift */; };
		44ED3A5B2C8F4B7500E3E9CF /* Kingfisher in Frameworks */ = {isa = PBXBuildFile; productRef = 44ED3A5A2C8F4B7500E3E9CF /* Kingfisher */; };
		44ED3A5E2C8F4B8700E3E9CF /* Alamofire in Frameworks */ = {isa = PBXBuildFile; productRef = 44ED3A5D2C8F4B8700E3E9CF /* Alamofire */; };
		44ED3A602C8F4BBA00E3E9CF /* NetworkManager.swift in Sources */ = {isa = PBXBuildFile; fileRef = 44ED3A5F2C8F4BBA00E3E9CF /* NetworkManager.swift */; };
		44ED3A632C8F597E00E3E9CF /* NavigationLazyView.swift in Sources */ = {isa = PBXBuildFile; fileRef = 44ED3A622C8F597E00E3E9CF /* NavigationLazyView.swift */; };
		44ED3A662C8F5B6A00E3E9CF /* MainTabView.swift in Sources */ = {isa = PBXBuildFile; fileRef = 44ED3A652C8F5B6A00E3E9CF /* MainTabView.swift */; };
/* End PBXBuildFile section */

/* Begin PBXFileReference section */
		44ED3A3A2C8F43C100E3E9CF /* MiniCoinSwiftUI.app */ = {isa = PBXFileReference; explicitFileType = wrapper.application; includeInIndex = 0; path = MiniCoinSwiftUI.app; sourceTree = BUILT_PRODUCTS_DIR; };
		44ED3A3D2C8F43C100E3E9CF /* MiniCoinSwiftUIApp.swift */ = {isa = PBXFileReference; lastKnownFileType = sourcecode.swift; path = MiniCoinSwiftUIApp.swift; sourceTree = "<group>"; };
		44ED3A412C8F43C300E3E9CF /* Assets.xcassets */ = {isa = PBXFileReference; lastKnownFileType = folder.assetcatalog; path = Assets.xcassets; sourceTree = "<group>"; };
		44ED3A442C8F43C300E3E9CF /* Preview Assets.xcassets */ = {isa = PBXFileReference; lastKnownFileType = folder.assetcatalog; path = "Preview Assets.xcassets"; sourceTree = "<group>"; };
		44ED3A502C8F465E00E3E9CF /* TrendingView.swift */ = {isa = PBXFileReference; lastKnownFileType = sourcecode.swift; path = TrendingView.swift; sourceTree = "<group>"; };
		44ED3A552C8F485800E3E9CF /* Coin.swift */ = {isa = PBXFileReference; lastKnownFileType = sourcecode.swift; path = Coin.swift; sourceTree = "<group>"; };
		44ED3A572C8F4A7700E3E9CF /* Router.swift */ = {isa = PBXFileReference; lastKnownFileType = sourcecode.swift; path = Router.swift; sourceTree = "<group>"; };
		44ED3A5F2C8F4BBA00E3E9CF /* NetworkManager.swift */ = {isa = PBXFileReference; lastKnownFileType = sourcecode.swift; path = NetworkManager.swift; sourceTree = "<group>"; };
		44ED3A622C8F597E00E3E9CF /* NavigationLazyView.swift */ = {isa = PBXFileReference; lastKnownFileType = sourcecode.swift; path = NavigationLazyView.swift; sourceTree = "<group>"; };
		44ED3A652C8F5B6A00E3E9CF /* MainTabView.swift */ = {isa = PBXFileReference; lastKnownFileType = sourcecode.swift; path = MainTabView.swift; sourceTree = "<group>"; };
/* End PBXFileReference section */

/* Begin PBXFrameworksBuildPhase section */
		44ED3A372C8F43C100E3E9CF /* Frameworks */ = {
			isa = PBXFrameworksBuildPhase;
			buildActionMask = 2147483647;
			files = (
				44ED3A5B2C8F4B7500E3E9CF /* Kingfisher in Frameworks */,
				44ED3A5E2C8F4B8700E3E9CF /* Alamofire in Frameworks */,
			);
			runOnlyForDeploymentPostprocessing = 0;
		};
/* End PBXFrameworksBuildPhase section */

/* Begin PBXGroup section */
		44ED3A312C8F43C100E3E9CF = {
			isa = PBXGroup;
			children = (
				44ED3A3C2C8F43C100E3E9CF /* MiniCoinSwiftUI */,
				44ED3A3B2C8F43C100E3E9CF /* Products */,
			);
			sourceTree = "<group>";
		};
		44ED3A3B2C8F43C100E3E9CF /* Products */ = {
			isa = PBXGroup;
			children = (
				44ED3A3A2C8F43C100E3E9CF /* MiniCoinSwiftUI.app */,
			);
			name = Products;
			sourceTree = "<group>";
		};
		44ED3A3C2C8F43C100E3E9CF /* MiniCoinSwiftUI */ = {
			isa = PBXGroup;
			children = (
				44ED3A4B2C8F43E300E3E9CF /* Application */,
				44ED3A522C8F468D00E3E9CF /* Common */,
				44ED3A532C8F47FF00E3E9CF /* Network */,
				44ED3A542C8F481700E3E9CF /* Model */,
				44ED3A4C2C8F43EF00E3E9CF /* Presentation */,
				44ED3A4F2C8F452900E3E9CF /* Resource */,
			);
			path = MiniCoinSwiftUI;
			sourceTree = "<group>";
		};
		44ED3A432C8F43C300E3E9CF /* Preview Content */ = {
			isa = PBXGroup;
			children = (
				44ED3A442C8F43C300E3E9CF /* Preview Assets.xcassets */,
			);
			path = "Preview Content";
			sourceTree = "<group>";
		};
		44ED3A4B2C8F43E300E3E9CF /* Application */ = {
			isa = PBXGroup;
			children = (
				44ED3A3D2C8F43C100E3E9CF /* MiniCoinSwiftUIApp.swift */,
			);
			path = Application;
			sourceTree = "<group>";
		};
		44ED3A4C2C8F43EF00E3E9CF /* Presentation */ = {
			isa = PBXGroup;
			children = (
				44ED3A652C8F5B6A00E3E9CF /* MainTabView.swift */,
				44ED3A672C8F61B300E3E9CF /* Trending */,
			);
			path = Presentation;
			sourceTree = "<group>";
		};
		44ED3A4F2C8F452900E3E9CF /* Resource */ = {
			isa = PBXGroup;
			children = (
				44ED3A412C8F43C300E3E9CF /* Assets.xcassets */,
				44ED3A432C8F43C300E3E9CF /* Preview Content */,
			);
			path = Resource;
			sourceTree = "<group>";
		};
		44ED3A522C8F468D00E3E9CF /* Common */ = {
			isa = PBXGroup;
			children = (
				44ED3A612C8F595C00E3E9CF /* Wrapper */,
				44ED3A642C8F5A6400E3E9CF /* CustomView */,
			);
			path = Common;
			sourceTree = "<group>";
		};
		44ED3A532C8F47FF00E3E9CF /* Network */ = {
			isa = PBXGroup;
			children = (
				44ED3A572C8F4A7700E3E9CF /* Router.swift */,
				44ED3A5F2C8F4BBA00E3E9CF /* NetworkManager.swift */,
			);
			path = Network;
			sourceTree = "<group>";
		};
		44ED3A542C8F481700E3E9CF /* Model */ = {
			isa = PBXGroup;
			children = (
				44ED3A552C8F485800E3E9CF /* Coin.swift */,
			);
			path = Model;
			sourceTree = "<group>";
		};
		44ED3A612C8F595C00E3E9CF /* Wrapper */ = {
			isa = PBXGroup;
			children = (
			);
			path = Wrapper;
			sourceTree = "<group>";
		};
		44ED3A642C8F5A6400E3E9CF /* CustomView */ = {
			isa = PBXGroup;
			children = (
				44ED3A622C8F597E00E3E9CF /* NavigationLazyView.swift */,
			);
			path = CustomView;
			sourceTree = "<group>";
		};
		44ED3A672C8F61B300E3E9CF /* Trending */ = {
			isa = PBXGroup;
			children = (
				44ED3A502C8F465E00E3E9CF /* TrendingView.swift */,
			);
			path = Trending;
			sourceTree = "<group>";
		};
/* End PBXGroup section */

/* Begin PBXNativeTarget section */
		44ED3A392C8F43C100E3E9CF /* MiniCoinSwiftUI */ = {
			isa = PBXNativeTarget;
			buildConfigurationList = 44ED3A482C8F43C300E3E9CF /* Build configuration list for PBXNativeTarget "MiniCoinSwiftUI" */;
			buildPhases = (
				44ED3A362C8F43C100E3E9CF /* Sources */,
				44ED3A372C8F43C100E3E9CF /* Frameworks */,
				44ED3A382C8F43C100E3E9CF /* Resources */,
			);
			buildRules = (
			);
			dependencies = (
			);
			name = MiniCoinSwiftUI;
			packageProductDependencies = (
				44ED3A5A2C8F4B7500E3E9CF /* Kingfisher */,
				44ED3A5D2C8F4B8700E3E9CF /* Alamofire */,
			);
			productName = MiniCoinSwiftUI;
			productReference = 44ED3A3A2C8F43C100E3E9CF /* MiniCoinSwiftUI.app */;
			productType = "com.apple.product-type.application";
		};
/* End PBXNativeTarget section */

/* Begin PBXProject section */
		44ED3A322C8F43C100E3E9CF /* Project object */ = {
			isa = PBXProject;
			attributes = {
				BuildIndependentTargetsInParallel = 1;
				LastSwiftUpdateCheck = 1530;
				LastUpgradeCheck = 1530;
				TargetAttributes = {
					44ED3A392C8F43C100E3E9CF = {
						CreatedOnToolsVersion = 15.3;
					};
				};
			};
			buildConfigurationList = 44ED3A352C8F43C100E3E9CF /* Build configuration list for PBXProject "MiniCoinSwiftUI" */;
			compatibilityVersion = "Xcode 14.0";
			developmentRegion = en;
			hasScannedForEncodings = 0;
			knownRegions = (
				en,
				Base,
			);
			mainGroup = 44ED3A312C8F43C100E3E9CF;
			packageReferences = (
				44ED3A592C8F4B7500E3E9CF /* XCRemoteSwiftPackageReference "Kingfisher" */,
				44ED3A5C2C8F4B8700E3E9CF /* XCRemoteSwiftPackageReference "Alamofire" */,
			);
			productRefGroup = 44ED3A3B2C8F43C100E3E9CF /* Products */;
			projectDirPath = "";
			projectRoot = "";
			targets = (
				44ED3A392C8F43C100E3E9CF /* MiniCoinSwiftUI */,
			);
		};
/* End PBXProject section */

/* Begin PBXResourcesBuildPhase section */
		44ED3A382C8F43C100E3E9CF /* Resources */ = {
			isa = PBXResourcesBuildPhase;
			buildActionMask = 2147483647;
			files = (
				44ED3A452C8F43C300E3E9CF /* Preview Assets.xcassets in Resources */,
				44ED3A422C8F43C300E3E9CF /* Assets.xcassets in Resources */,
			);
			runOnlyForDeploymentPostprocessing = 0;
		};
/* End PBXResourcesBuildPhase section */

/* Begin PBXSourcesBuildPhase section */
		44ED3A362C8F43C100E3E9CF /* Sources */ = {
			isa = PBXSourcesBuildPhase;
			buildActionMask = 2147483647;
			files = (
				44ED3A582C8F4A7700E3E9CF /* Router.swift in Sources */,
				44ED3A562C8F485800E3E9CF /* Coin.swift in Sources */,
				44ED3A602C8F4BBA00E3E9CF /* NetworkManager.swift in Sources */,
				44ED3A632C8F597E00E3E9CF /* NavigationLazyView.swift in Sources */,
				44ED3A662C8F5B6A00E3E9CF /* MainTabView.swift in Sources */,
				44ED3A512C8F465E00E3E9CF /* TrendingView.swift in Sources */,
				44ED3A3E2C8F43C100E3E9CF /* MiniCoinSwiftUIApp.swift in Sources */,
			);
			runOnlyForDeploymentPostprocessing = 0;
		};
/* End PBXSourcesBuildPhase section */

/* Begin XCBuildConfiguration section */
		44ED3A462C8F43C300E3E9CF /* Debug */ = {
			isa = XCBuildConfiguration;
			buildSettings = {
				ALWAYS_SEARCH_USER_PATHS = NO;
				ASSETCATALOG_COMPILER_GENERATE_SWIFT_ASSET_SYMBOL_EXTENSIONS = YES;
				CLANG_ANALYZER_NONNULL = YES;
				CLANG_ANALYZER_NUMBER_OBJECT_CONVERSION = YES_AGGRESSIVE;
				CLANG_CXX_LANGUAGE_STANDARD = "gnu++20";
				CLANG_ENABLE_MODULES = YES;
				CLANG_ENABLE_OBJC_ARC = YES;
				CLANG_ENABLE_OBJC_WEAK = YES;
				CLANG_WARN_BLOCK_CAPTURE_AUTORELEASING = YES;
				CLANG_WARN_BOOL_CONVERSION = YES;
				CLANG_WARN_COMMA = YES;
				CLANG_WARN_CONSTANT_CONVERSION = YES;
				CLANG_WARN_DEPRECATED_OBJC_IMPLEMENTATIONS = YES;
				CLANG_WARN_DIRECT_OBJC_ISA_USAGE = YES_ERROR;
				CLANG_WARN_DOCUMENTATION_COMMENTS = YES;
				CLANG_WARN_EMPTY_BODY = YES;
				CLANG_WARN_ENUM_CONVERSION = YES;
				CLANG_WARN_INFINITE_RECURSION = YES;
				CLANG_WARN_INT_CONVERSION = YES;
				CLANG_WARN_NON_LITERAL_NULL_CONVERSION = YES;
				CLANG_WARN_OBJC_IMPLICIT_RETAIN_SELF = YES;
				CLANG_WARN_OBJC_LITERAL_CONVERSION = YES;
				CLANG_WARN_OBJC_ROOT_CLASS = YES_ERROR;
				CLANG_WARN_QUOTED_INCLUDE_IN_FRAMEWORK_HEADER = YES;
				CLANG_WARN_RANGE_LOOP_ANALYSIS = YES;
				CLANG_WARN_STRICT_PROTOTYPES = YES;
				CLANG_WARN_SUSPICIOUS_MOVE = YES;
				CLANG_WARN_UNGUARDED_AVAILABILITY = YES_AGGRESSIVE;
				CLANG_WARN_UNREACHABLE_CODE = YES;
				CLANG_WARN__DUPLICATE_METHOD_MATCH = YES;
				COPY_PHASE_STRIP = NO;
				DEBUG_INFORMATION_FORMAT = dwarf;
				ENABLE_STRICT_OBJC_MSGSEND = YES;
				ENABLE_TESTABILITY = YES;
				ENABLE_USER_SCRIPT_SANDBOXING = YES;
				GCC_C_LANGUAGE_STANDARD = gnu17;
				GCC_DYNAMIC_NO_PIC = NO;
				GCC_NO_COMMON_BLOCKS = YES;
				GCC_OPTIMIZATION_LEVEL = 0;
				GCC_PREPROCESSOR_DEFINITIONS = (
					"DEBUG=1",
					"$(inherited)",
				);
				GCC_WARN_64_TO_32_BIT_CONVERSION = YES;
				GCC_WARN_ABOUT_RETURN_TYPE = YES_ERROR;
				GCC_WARN_UNDECLARED_SELECTOR = YES;
				GCC_WARN_UNINITIALIZED_AUTOS = YES_AGGRESSIVE;
				GCC_WARN_UNUSED_FUNCTION = YES;
				GCC_WARN_UNUSED_VARIABLE = YES;
				IPHONEOS_DEPLOYMENT_TARGET = 17.4;
				LOCALIZATION_PREFERS_STRING_CATALOGS = YES;
				MTL_ENABLE_DEBUG_INFO = INCLUDE_SOURCE;
				MTL_FAST_MATH = YES;
				ONLY_ACTIVE_ARCH = YES;
				SDKROOT = iphoneos;
				SWIFT_ACTIVE_COMPILATION_CONDITIONS = "DEBUG $(inherited)";
				SWIFT_OPTIMIZATION_LEVEL = "-Onone";
			};
			name = Debug;
		};
		44ED3A472C8F43C300E3E9CF /* Release */ = {
			isa = XCBuildConfiguration;
			buildSettings = {
				ALWAYS_SEARCH_USER_PATHS = NO;
				ASSETCATALOG_COMPILER_GENERATE_SWIFT_ASSET_SYMBOL_EXTENSIONS = YES;
				CLANG_ANALYZER_NONNULL = YES;
				CLANG_ANALYZER_NUMBER_OBJECT_CONVERSION = YES_AGGRESSIVE;
				CLANG_CXX_LANGUAGE_STANDARD = "gnu++20";
				CLANG_ENABLE_MODULES = YES;
				CLANG_ENABLE_OBJC_ARC = YES;
				CLANG_ENABLE_OBJC_WEAK = YES;
				CLANG_WARN_BLOCK_CAPTURE_AUTORELEASING = YES;
				CLANG_WARN_BOOL_CONVERSION = YES;
				CLANG_WARN_COMMA = YES;
				CLANG_WARN_CONSTANT_CONVERSION = YES;
				CLANG_WARN_DEPRECATED_OBJC_IMPLEMENTATIONS = YES;
				CLANG_WARN_DIRECT_OBJC_ISA_USAGE = YES_ERROR;
				CLANG_WARN_DOCUMENTATION_COMMENTS = YES;
				CLANG_WARN_EMPTY_BODY = YES;
				CLANG_WARN_ENUM_CONVERSION = YES;
				CLANG_WARN_INFINITE_RECURSION = YES;
				CLANG_WARN_INT_CONVERSION = YES;
				CLANG_WARN_NON_LITERAL_NULL_CONVERSION = YES;
				CLANG_WARN_OBJC_IMPLICIT_RETAIN_SELF = YES;
				CLANG_WARN_OBJC_LITERAL_CONVERSION = YES;
				CLANG_WARN_OBJC_ROOT_CLASS = YES_ERROR;
				CLANG_WARN_QUOTED_INCLUDE_IN_FRAMEWORK_HEADER = YES;
				CLANG_WARN_RANGE_LOOP_ANALYSIS = YES;
				CLANG_WARN_STRICT_PROTOTYPES = YES;
				CLANG_WARN_SUSPICIOUS_MOVE = YES;
				CLANG_WARN_UNGUARDED_AVAILABILITY = YES_AGGRESSIVE;
				CLANG_WARN_UNREACHABLE_CODE = YES;
				CLANG_WARN__DUPLICATE_METHOD_MATCH = YES;
				COPY_PHASE_STRIP = NO;
				DEBUG_INFORMATION_FORMAT = "dwarf-with-dsym";
				ENABLE_NS_ASSERTIONS = NO;
				ENABLE_STRICT_OBJC_MSGSEND = YES;
				ENABLE_USER_SCRIPT_SANDBOXING = YES;
				GCC_C_LANGUAGE_STANDARD = gnu17;
				GCC_NO_COMMON_BLOCKS = YES;
				GCC_WARN_64_TO_32_BIT_CONVERSION = YES;
				GCC_WARN_ABOUT_RETURN_TYPE = YES_ERROR;
				GCC_WARN_UNDECLARED_SELECTOR = YES;
				GCC_WARN_UNINITIALIZED_AUTOS = YES_AGGRESSIVE;
				GCC_WARN_UNUSED_FUNCTION = YES;
				GCC_WARN_UNUSED_VARIABLE = YES;
				IPHONEOS_DEPLOYMENT_TARGET = 17.4;
				LOCALIZATION_PREFERS_STRING_CATALOGS = YES;
				MTL_ENABLE_DEBUG_INFO = NO;
				MTL_FAST_MATH = YES;
				SDKROOT = iphoneos;
				SWIFT_COMPILATION_MODE = wholemodule;
				VALIDATE_PRODUCT = YES;
			};
			name = Release;
		};
		44ED3A492C8F43C300E3E9CF /* Debug */ = {
			isa = XCBuildConfiguration;
			buildSettings = {
				ASSETCATALOG_COMPILER_APPICON_NAME = AppIcon;
				ASSETCATALOG_COMPILER_GLOBAL_ACCENT_COLOR_NAME = AccentColor;
				CODE_SIGN_STYLE = Automatic;
				CURRENT_PROJECT_VERSION = 1;
				DEVELOPMENT_ASSET_PATHS = "\"MiniCoinSwiftUI/Resource/Preview Content\"";
				DEVELOPMENT_TEAM = 9M37U587ZT;
				ENABLE_PREVIEWS = YES;
				GENERATE_INFOPLIST_FILE = YES;
				INFOPLIST_KEY_UIApplicationSceneManifest_Generation = YES;
				INFOPLIST_KEY_UIApplicationSupportsIndirectInputEvents = YES;
				INFOPLIST_KEY_UILaunchScreen_Generation = YES;
				INFOPLIST_KEY_UISupportedInterfaceOrientations = UIInterfaceOrientationPortrait;
				INFOPLIST_KEY_UISupportedInterfaceOrientations_iPad = UIInterfaceOrientationPortrait;
				IPHONEOS_DEPLOYMENT_TARGET = 16.0;
				LD_RUNPATH_SEARCH_PATHS = (
					"$(inherited)",
					"@executable_path/Frameworks",
				);
				MARKETING_VERSION = 1.0;
				PRODUCT_BUNDLE_IDENTIFIER = com.daeyunkwon.MiniCoinSwiftUI;
				PRODUCT_NAME = "$(TARGET_NAME)";
				SUPPORTED_PLATFORMS = "iphoneos iphonesimulator";
				SUPPORTS_MACCATALYST = NO;
				SUPPORTS_MAC_DESIGNED_FOR_IPHONE_IPAD = NO;
				SUPPORTS_XR_DESIGNED_FOR_IPHONE_IPAD = NO;
				SWIFT_EMIT_LOC_STRINGS = YES;
				SWIFT_VERSION = 5.0;
				TARGETED_DEVICE_FAMILY = 1;
			};
			name = Debug;
		};
		44ED3A4A2C8F43C300E3E9CF /* Release */ = {
			isa = XCBuildConfiguration;
			buildSettings = {
				ASSETCATALOG_COMPILER_APPICON_NAME = AppIcon;
				ASSETCATALOG_COMPILER_GLOBAL_ACCENT_COLOR_NAME = AccentColor;
				CODE_SIGN_STYLE = Automatic;
				CURRENT_PROJECT_VERSION = 1;
				DEVELOPMENT_ASSET_PATHS = "\"MiniCoinSwiftUI/Resource/Preview Content\"";
				DEVELOPMENT_TEAM = 9M37U587ZT;
				ENABLE_PREVIEWS = YES;
				GENERATE_INFOPLIST_FILE = YES;
				INFOPLIST_KEY_UIApplicationSceneManifest_Generation = YES;
				INFOPLIST_KEY_UIApplicationSupportsIndirectInputEvents = YES;
				INFOPLIST_KEY_UILaunchScreen_Generation = YES;
				INFOPLIST_KEY_UISupportedInterfaceOrientations = UIInterfaceOrientationPortrait;
				INFOPLIST_KEY_UISupportedInterfaceOrientations_iPad = UIInterfaceOrientationPortrait;
				IPHONEOS_DEPLOYMENT_TARGET = 16.0;
				LD_RUNPATH_SEARCH_PATHS = (
					"$(inherited)",
					"@executable_path/Frameworks",
				);
				MARKETING_VERSION = 1.0;
				PRODUCT_BUNDLE_IDENTIFIER = com.daeyunkwon.MiniCoinSwiftUI;
				PRODUCT_NAME = "$(TARGET_NAME)";
				SUPPORTED_PLATFORMS = "iphoneos iphonesimulator";
				SUPPORTS_MACCATALYST = NO;
				SUPPORTS_MAC_DESIGNED_FOR_IPHONE_IPAD = NO;
				SUPPORTS_XR_DESIGNED_FOR_IPHONE_IPAD = NO;
				SWIFT_EMIT_LOC_STRINGS = YES;
				SWIFT_VERSION = 5.0;
				TARGETED_DEVICE_FAMILY = 1;
			};
			name = Release;
		};
/* End XCBuildConfiguration section */

/* Begin XCConfigurationList section */
		44ED3A352C8F43C100E3E9CF /* Build configuration list for PBXProject "MiniCoinSwiftUI" */ = {
			isa = XCConfigurationList;
			buildConfigurations = (
				44ED3A462C8F43C300E3E9CF /* Debug */,
				44ED3A472C8F43C300E3E9CF /* Release */,
			);
			defaultConfigurationIsVisible = 0;
			defaultConfigurationName = Release;
		};
		44ED3A482C8F43C300E3E9CF /* Build configuration list for PBXNativeTarget "MiniCoinSwiftUI" */ = {
			isa = XCConfigurationList;
			buildConfigurations = (
				44ED3A492C8F43C300E3E9CF /* Debug */,
				44ED3A4A2C8F43C300E3E9CF /* Release */,
			);
			defaultConfigurationIsVisible = 0;
			defaultConfigurationName = Release;
		};
/* End XCConfigurationList section */

/* Begin XCRemoteSwiftPackageReference section */
		44ED3A592C8F4B7500E3E9CF /* XCRemoteSwiftPackageReference "Kingfisher" */ = {
			isa = XCRemoteSwiftPackageReference;
			repositoryURL = "https://github.com/onevcat/Kingfisher";
			requirement = {
				kind = upToNextMajorVersion;
				minimumVersion = 7.12.0;
			};
		};
		44ED3A5C2C8F4B8700E3E9CF /* XCRemoteSwiftPackageReference "Alamofire" */ = {
			isa = XCRemoteSwiftPackageReference;
			repositoryURL = "https://github.com/Alamofire/Alamofire";
			requirement = {
				kind = upToNextMajorVersion;
				minimumVersion = 5.9.1;
			};
		};
/* End XCRemoteSwiftPackageReference section */

/* Begin XCSwiftPackageProductDependency section */
		44ED3A5A2C8F4B7500E3E9CF /* Kingfisher */ = {
			isa = XCSwiftPackageProductDependency;
			package = 44ED3A592C8F4B7500E3E9CF /* XCRemoteSwiftPackageReference "Kingfisher" */;
			productName = Kingfisher;
		};
		44ED3A5D2C8F4B8700E3E9CF /* Alamofire */ = {
			isa = XCSwiftPackageProductDependency;
			package = 44ED3A5C2C8F4B8700E3E9CF /* XCRemoteSwiftPackageReference "Alamofire" */;
			productName = Alamofire;
		};
/* End XCSwiftPackageProductDependency section */
	};
	rootObject = 44ED3A322C8F43C100E3E9CF /* Project object */;
}
